name: Test workflow

on: workflow_dispatch

jobs:
  start_main:
    runs-on: ubuntu-latest

    steps:
      - name: Run main file
        run: echo GG>>hell.md
      - name: git set
        run: git config --global user.name DDVID-exe
      - name: git set 2
        run: git config --global user.email v3lk4ng@gmail.com
      - name: git it
        run: git init
      
