name: Test workflow

on: workflow_dispatch

jobs:
  start_main:
    runs-on: ubuntu-latest

    steps:
      - name: Run main file
        run: echo GG>>hell.md
      - name: List files
        run: ls -a .
      - name: git set
        run: git config --global user.name DDVID-exe
      - name: git set 2
        run: git config --global user.email v3lk4ng@gmail.com
      - name: git it
        run: git init
      - name: git add
        run: git add hell.md
      - name: set git settings
        run: git remote add origin https://github.com/DDVID-exe/PythonTest
      - name: git commit
        run: git commit -m "commit by workflow"
      - name: git push
        run: git push -u origin main
